
Microsoft Visual Studio Solution File, Format Version 12.00
# Visual Studio 2013
VisualStudioVersion = 12.0.21005.1
MinimumVisualStudioVersion = 10.0.40219.1
Project("{FAE04EC0-301F-11D3-BF4B-00C04F79EFBC}") = "Jyson.MyCodeManage.DAL", "Jyson.MyCodeManage.DAL\Jyson.MyCodeManage.DAL.csproj", "{7192084E-41BA-4A54-AC10-A6BEF4CC70FF}"
EndProject
Project("{FAE04EC0-301F-11D3-BF4B-00C04F79EFBC}") = "Jyson.MyCodeManage.Model", "Jyson.MyCodeManage.Model\Jyson.MyCodeManage.Model.csproj", "{252D9908-46B1-4EFE-A07D-D6840F5BE2AB}"
EndProject
Project("{FAE04EC0-301F-11D3-BF4B-00C04F79EFBC}") = "Jyson.MyCodeManage.BLL", "Jyson.MyCodeManage.BLL\Jyson.MyCodeManage.BLL.csproj", "{BBA77B10-63A1-4DAC-B0EB-99622CE4407F}"
EndProject
Project("{FAE04EC0-301F-11D3-BF4B-00C04F79EFBC}") = "Jyson.MyCodeManage.UI", "Jyson.MyCodeManage.UI\Jyson.MyCodeManage.UI.csproj", "{73A7D24F-4F9D-4F0C-8CCE-4351267AF954}"
EndProject
Project("{FAE04EC0-301F-11D3-BF4B-00C04F79EFBC}") = "Jyson.MyCodeManage.Utility", "Jyson.MyCodeManage.Utility\Jyson.MyCodeManage.Utility.csproj", "{01C8933A-D09D-4188-BC07-F559DB647F46}"
EndProject
Project("{FAE04EC0-301F-11D3-BF4B-00C04F79EFBC}") = "WinFormsUI", "WinFormsUI\WinFormsUI.csproj", "{C75532C4-765B-418E-B09B-46D36B2ABDB1}"
EndProject
Project("{FAE04EC0-301F-11D3-BF4B-00C04F79EFBC}") = "Jyson.MyCodeManage.DBUtility", "Jyson.MyCodeManage.DBUtility\Jyson.MyCodeManage.DBUtility.csproj", "{F309FE18-F79D-4E87-B9F2-68DB1BD1A29E}"
EndProject
Global
	GlobalSection(SolutionConfigurationPlatforms) = preSolution
		Debug|Any CPU = Debug|Any CPU
		Debug|Mixed Platforms = Debug|Mixed Platforms
		Debug|x86 = Debug|x86
		Release|Any CPU = Release|Any CPU
		Release|Mixed Platforms = Release|Mixed Platforms
		Release|x86 = Release|x86
	EndGlobalSection
	GlobalSection(ProjectConfigurationPlatforms) = postSolution
		{7192084E-41BA-4A54-AC10-A6BEF4CC70FF}.Debug|Any CPU.ActiveCfg = Debug|Any CPU
		{7192084E-41BA-4A54-AC10-A6BEF4CC70FF}.Debug|Any CPU.Build.0 = Debug|Any CPU
		{7192084E-41BA-4A54-AC10-A6BEF4CC70FF}.Debug|Mixed Platforms.ActiveCfg = Debug|Any CPU
		{7192084E-41BA-4A54-AC10-A6BEF4CC70FF}.Debug|Mixed Platforms.Build.0 = Debug|Any CPU
		{7192084E-41BA-4A54-AC10-A6BEF4CC70FF}.Debug|x86.ActiveCfg = Debug|Any CPU
		{7192084E-41BA-4A54-AC10-A6BEF4CC70FF}.Release|Any CPU.ActiveCfg = Release|Any CPU
		{7192084E-41BA-4A54-AC10-A6BEF4CC70FF}.Release|Any CPU.Build.0 = Release|Any CPU
		{7192084E-41BA-4A54-AC10-A6BEF4CC70FF}.Release|Mixed Platforms.ActiveCfg = Release|Any CPU
		{7192084E-41BA-4A54-AC10-A6BEF4CC70FF}.Release|Mixed Platforms.Build.0 = Release|Any CPU
		{7192084E-41BA-4A54-AC10-A6BEF4CC70FF}.Release|x86.ActiveCfg = Release|Any CPU
		{252D9908-46B1-4EFE-A07D-D6840F5BE2AB}.Debug|Any CPU.ActiveCfg = Debug|Any CPU
		{252D9908-46B1-4EFE-A07D-D6840F5BE2AB}.Debug|Any CPU.Build.0 = Debug|Any CPU
		{252D9908-46B1-4EFE-A07D-D6840F5BE2AB}.Debug|Mixed Platforms.ActiveCfg = Debug|Any CPU
		{252D9908-46B1-4EFE-A07D-D6840F5BE2AB}.Debug|Mixed Platforms.Build.0 = Debug|Any CPU
		{252D9908-46B1-4EFE-A07D-D6840F5BE2AB}.Debug|x86.ActiveCfg = Debug|Any CPU
		{252D9908-46B1-4EFE-A07D-D6840F5BE2AB}.Release|Any CPU.ActiveCfg = Release|Any CPU
		{252D9908-46B1-4EFE-A07D-D6840F5BE2AB}.Release|Any CPU.Build.0 = Release|Any CPU
		{252D9908-46B1-4EFE-A07D-D6840F5BE2AB}.Release|Mixed Platforms.ActiveCfg = Release|Any CPU
		{252D9908-46B1-4EFE-A07D-D6840F5BE2AB}.Release|Mixed Platforms.Build.0 = Release|Any CPU
		{252D9908-46B1-4EFE-A07D-D6840F5BE2AB}.Release|x86.ActiveCfg = Release|Any CPU
		{BBA77B10-63A1-4DAC-B0EB-99622CE4407F}.Debug|Any CPU.ActiveCfg = Debug|Any CPU
		{BBA77B10-63A1-4DAC-B0EB-99622CE4407F}.Debug|Any CPU.Build.0 = Debug|Any CPU
		{BBA77B10-63A1-4DAC-B0EB-99622CE4407F}.Debug|Mixed Platforms.ActiveCfg = Debug|Any CPU
		{BBA77B10-63A1-4DAC-B0EB-99622CE4407F}.Debug|Mixed Platforms.Build.0 = Debug|Any CPU
		{BBA77B10-63A1-4DAC-B0EB-99622CE4407F}.Debug|x86.ActiveCfg = Debug|Any CPU
		{BBA77B10-63A1-4DAC-B0EB-99622CE4407F}.Release|Any CPU.ActiveCfg = Release|Any CPU
		{BBA77B10-63A1-4DAC-B0EB-99622CE4407F}.Release|Any CPU.Build.0 = Release|Any CPU
		{BBA77B10-63A1-4DAC-B0EB-99622CE4407F}.Release|Mixed Platforms.ActiveCfg = Release|Any CPU
		{BBA77B10-63A1-4DAC-B0EB-99622CE4407F}.Release|Mixed Platforms.Build.0 = Release|Any CPU
		{BBA77B10-63A1-4DAC-B0EB-99622CE4407F}.Release|x86.ActiveCfg = Release|Any CPU
		{73A7D24F-4F9D-4F0C-8CCE-4351267AF954}.Debug|Any CPU.ActiveCfg = Debug|x86
		{73A7D24F-4F9D-4F0C-8CCE-4351267AF954}.Debug|Mixed Platforms.ActiveCfg = Debug|x86
		{73A7D24F-4F9D-4F0C-8CCE-4351267AF954}.Debug|Mixed Platforms.Build.0 = Debug|x86
		{73A7D24F-4F9D-4F0C-8CCE-4351267AF954}.Debug|x86.ActiveCfg = Debug|x86
		{73A7D24F-4F9D-4F0C-8CCE-4351267AF954}.Debug|x86.Build.0 = Debug|x86
		{73A7D24F-4F9D-4F0C-8CCE-4351267AF954}.Release|Any CPU.ActiveCfg = Release|x86
		{73A7D24F-4F9D-4F0C-8CCE-4351267AF954}.Release|Mixed Platforms.ActiveCfg = Release|x86
		{73A7D24F-4F9D-4F0C-8CCE-4351267AF954}.Release|Mixed Platforms.Build.0 = Release|x86
		{73A7D24F-4F9D-4F0C-8CCE-4351267AF954}.Release|x86.ActiveCfg = Release|x86
		{73A7D24F-4F9D-4F0C-8CCE-4351267AF954}.Release|x86.Build.0 = Release|x86
		{01C8933A-D09D-4188-BC07-F559DB647F46}.Debug|Any CPU.ActiveCfg = Debug|Any CPU
		{01C8933A-D09D-4188-BC07-F559DB647F46}.Debug|Any CPU.Build.0 = Debug|Any CPU
		{01C8933A-D09D-4188-BC07-F559DB647F46}.Debug|Mixed Platforms.ActiveCfg = Debug|Any CPU
		{01C8933A-D09D-4188-BC07-F559DB647F46}.Debug|Mixed Platforms.Build.0 = Debug|Any CPU
		{01C8933A-D09D-4188-BC07-F559DB647F46}.Debug|x86.ActiveCfg = Debug|Any CPU
		{01C8933A-D09D-4188-BC07-F559DB647F46}.Release|Any CPU.ActiveCfg = Release|Any CPU
		{01C8933A-D09D-4188-BC07-F559DB647F46}.Release|Any CPU.Build.0 = Release|Any CPU
		{01C8933A-D09D-4188-BC07-F559DB647F46}.Release|Mixed Platforms.ActiveCfg = Release|Any CPU
		{01C8933A-D09D-4188-BC07-F559DB647F46}.Release|Mixed Platforms.Build.0 = Release|Any CPU
		{01C8933A-D09D-4188-BC07-F559DB647F46}.Release|x86.ActiveCfg = Release|Any CPU
		{C75532C4-765B-418E-B09B-46D36B2ABDB1}.Debug|Any CPU.ActiveCfg = Debug|Any CPU
		{C75532C4-765B-418E-B09B-46D36B2ABDB1}.Debug|Any CPU.Build.0 = Debug|Any CPU
		{C75532C4-765B-418E-B09B-46D36B2ABDB1}.Debug|Mixed Platforms.ActiveCfg = Debug|Any CPU
		{C75532C4-765B-418E-B09B-46D36B2ABDB1}.Debug|Mixed Platforms.Build.0 = Debug|Any CPU
		{C75532C4-765B-418E-B09B-46D36B2ABDB1}.Debug|x86.ActiveCfg = Debug|Any CPU
		{C75532C4-765B-418E-B09B-46D36B2ABDB1}.Release|Any CPU.ActiveCfg = Release|Any CPU
		{C75532C4-765B-418E-B09B-46D36B2ABDB1}.Release|Any CPU.Build.0 = Release|Any CPU
		{C75532C4-765B-418E-B09B-46D36B2ABDB1}.Release|Mixed Platforms.ActiveCfg = Release|Any CPU
		{C75532C4-765B-418E-B09B-46D36B2ABDB1}.Release|Mixed Platforms.Build.0 = Release|Any CPU
		{C75532C4-765B-418E-B09B-46D36B2ABDB1}.Release|x86.ActiveCfg = Release|Any CPU
		{F309FE18-F79D-4E87-B9F2-68DB1BD1A29E}.Debug|Any CPU.ActiveCfg = Debug|Any CPU
		{F309FE18-F79D-4E87-B9F2-68DB1BD1A29E}.Debug|Any CPU.Build.0 = Debug|Any CPU
		{F309FE18-F79D-4E87-B9F2-68DB1BD1A29E}.Debug|Mixed Platforms.ActiveCfg = Debug|Any CPU
		{F309FE18-F79D-4E87-B9F2-68DB1BD1A29E}.Debug|Mixed Platforms.Build.0 = Debug|Any CPU
		{F309FE18-F79D-4E87-B9F2-68DB1BD1A29E}.Debug|x86.ActiveCfg = Debug|Any CPU
		{F309FE18-F79D-4E87-B9F2-68DB1BD1A29E}.Release|Any CPU.ActiveCfg = Release|Any CPU
		{F309FE18-F79D-4E87-B9F2-68DB1BD1A29E}.Release|Any CPU.Build.0 = Release|Any CPU
		{F309FE18-F79D-4E87-B9F2-68DB1BD1A29E}.Release|Mixed Platforms.ActiveCfg = Release|Any CPU
		{F309FE18-F79D-4E87-B9F2-68DB1BD1A29E}.Release|Mixed Platforms.Build.0 = Release|Any CPU
		{F309FE18-F79D-4E87-B9F2-68DB1BD1A29E}.Release|x86.ActiveCfg = Release|Any CPU
	EndGlobalSection
	GlobalSection(SolutionProperties) = preSolution
		HideSolutionNode = FALSE
	EndGlobalSection
EndGlobal
